
Microsoft Visual Studio Solution File, Format Version 12.00
# Visual Studio Version 17
VisualStudioVersion = 17.5.33530.505
MinimumVisualStudioVersion = 10.0.40219.1
Project("{FAE04EC0-301F-11D3-BF4B-00C04F79EFBC}") = "Entity", "Entity\Entity.csproj", "{9444293D-2AF4-4145-AA16-CC40637CCEF5}"
EndProject
Project("{FAE04EC0-301F-11D3-BF4B-00C04F79EFBC}") = "Data", "Data\Data.csproj", "{CA4676D1-29D2-4885-976D-5DF809BA87CF}"
EndProject
Project("{FAE04EC0-301F-11D3-BF4B-00C04F79EFBC}") = "Business", "Business\Business.csproj", "{7B122C59-5A7A-4BCA-AA42-5BA42144BE3E}"
EndProject
Project("{FAE04EC0-301F-11D3-BF4B-00C04F79EFBC}") = "Utilities", "Utilities\Utilities.csproj", "{B8112EB7-E887-4BC7-8F2F-0261F9E848ED}"
EndProject
Project("{FAE04EC0-301F-11D3-BF4B-00C04F79EFBC}") = "Diagram", "Diagram\Diagram.csproj", "{2EB8B93F-0DD9-421F-959B-1F7D43A19D0C}"
EndProject
Global
	GlobalSection(SolutionConfigurationPlatforms) = preSolution
		Debug|Any CPU = Debug|Any CPU
		Release|Any CPU = Release|Any CPU
	EndGlobalSection
	GlobalSection(ProjectConfigurationPlatforms) = postSolution
		{9444293D-2AF4-4145-AA16-CC40637CCEF5}.Debug|Any CPU.ActiveCfg = Debug|Any CPU
		{9444293D-2AF4-4145-AA16-CC40637CCEF5}.Debug|Any CPU.Build.0 = Debug|Any CPU
		{9444293D-2AF4-4145-AA16-CC40637CCEF5}.Release|Any CPU.ActiveCfg = Release|Any CPU
		{9444293D-2AF4-4145-AA16-CC40637CCEF5}.Release|Any CPU.Build.0 = Release|Any CPU
		{CA4676D1-29D2-4885-976D-5DF809BA87CF}.Debug|Any CPU.ActiveCfg = Debug|Any CPU
		{CA4676D1-29D2-4885-976D-5DF809BA87CF}.Debug|Any CPU.Build.0 = Debug|Any CPU
		{CA4676D1-29D2-4885-976D-5DF809BA87CF}.Release|Any CPU.ActiveCfg = Release|Any CPU
		{CA4676D1-29D2-4885-976D-5DF809BA87CF}.Release|Any CPU.Build.0 = Release|Any CPU
		{7B122C59-5A7A-4BCA-AA42-5BA42144BE3E}.Debug|Any CPU.ActiveCfg = Debug|Any CPU
		{7B122C59-5A7A-4BCA-AA42-5BA42144BE3E}.Debug|Any CPU.Build.0 = Debug|Any CPU
		{7B122C59-5A7A-4BCA-AA42-5BA42144BE3E}.Release|Any CPU.ActiveCfg = Release|Any CPU
		{7B122C59-5A7A-4BCA-AA42-5BA42144BE3E}.Release|Any CPU.Build.0 = Release|Any CPU
		{B8112EB7-E887-4BC7-8F2F-0261F9E848ED}.Debug|Any CPU.ActiveCfg = Debug|Any CPU
		{B8112EB7-E887-4BC7-8F2F-0261F9E848ED}.Debug|Any CPU.Build.0 = Debug|Any CPU
		{B8112EB7-E887-4BC7-8F2F-0261F9E848ED}.Release|Any CPU.ActiveCfg = Release|Any CPU
		{B8112EB7-E887-4BC7-8F2F-0261F9E848ED}.Release|Any CPU.Build.0 = Release|Any CPU
		{2EB8B93F-0DD9-421F-959B-1F7D43A19D0C}.Debug|Any CPU.ActiveCfg = Debug|Any CPU
		{2EB8B93F-0DD9-421F-959B-1F7D43A19D0C}.Debug|Any CPU.Build.0 = Debug|Any CPU
		{2EB8B93F-0DD9-421F-959B-1F7D43A19D0C}.Release|Any CPU.ActiveCfg = Release|Any CPU
		{2EB8B93F-0DD9-421F-959B-1F7D43A19D0C}.Release|Any CPU.Build.0 = Release|Any CPU
	EndGlobalSection
	GlobalSection(SolutionProperties) = preSolution
		HideSolutionNode = FALSE
	EndGlobalSection
	GlobalSection(ExtensibilityGlobals) = postSolution
		SolutionGuid = {91208658-2038-4881-ABD1-1F16C7DBF26C}
	EndGlobalSection
EndGlobal
